
Microsoft Visual Studio Solution File, Format Version 12.00
# Visual Studio Version 17
VisualStudioVersion = 17.4.33213.308
MinimumVisualStudioVersion = 10.0.40219.1
Project("{FAE04EC0-301F-11D3-BF4B-00C04F79EFBC}") = "GUI", "GUI\GUI.csproj", "{429006D0-4A05-46AE-9586-EC97E9546666}"
EndProject
Global
	GlobalSection(SolutionConfigurationPlatforms) = preSolution
		Debug|Any CPU = Debug|Any CPU
		Release|Any CPU = Release|Any CPU
	EndGlobalSection
	GlobalSection(ProjectConfigurationPlatforms) = postSolution
		{429006D0-4A05-46AE-9586-EC97E9546666}.Debug|Any CPU.ActiveCfg = Debug|Any CPU
		{429006D0-4A05-46AE-9586-EC97E9546666}.Debug|Any CPU.Build.0 = Debug|Any CPU
		{429006D0-4A05-46AE-9586-EC97E9546666}.Release|Any CPU.ActiveCfg = Release|Any CPU
		{429006D0-4A05-46AE-9586-EC97E9546666}.Release|Any CPU.Build.0 = Release|Any CPU
	EndGlobalSection
	GlobalSection(SolutionProperties) = preSolution
		HideSolutionNode = FALSE
	EndGlobalSection
	GlobalSection(ExtensibilityGlobals) = postSolution
		SolutionGuid = {367F140A-3DAE-48D3-BB4F-7E25FEE8A136}
	EndGlobalSection
EndGlobal
